
Microsoft Visual Studio Solution File, Format Version 12.00
# Visual Studio Version 16
VisualStudioVersion = 16.0.31205.134
MinimumVisualStudioVersion = 10.0.40219.1
Project("{9A19103F-16F7-4668-BE54-9A1E7A4F7556}") = "Estetika.DataAccess", "Estetika.DataAccess\Estetika.DataAccess.csproj", "{ABA300A8-4223-4BC4-AF49-C23307C70F64}"
EndProject
Project("{9A19103F-16F7-4668-BE54-9A1E7A4F7556}") = "Estetika.Domain", "Estetika.Domain\Estetika.Domain.csproj", "{13933473-614F-45C3-855A-B99CF9C30416}"
EndProject
Project("{9A19103F-16F7-4668-BE54-9A1E7A4F7556}") = "Estetika.Implementation", "Estetika.Implementation\Estetika.Implementation.csproj", "{B84BDFEB-8948-497A-A7E7-81B9ED15CCBB}"
EndProject
Project("{9A19103F-16F7-4668-BE54-9A1E7A4F7556}") = "Estetika.Application", "Estetika.Application\Estetika.Application.csproj", "{238CC461-D4E1-4FC0-8E7B-3410F85CA162}"
EndProject
Project("{9A19103F-16F7-4668-BE54-9A1E7A4F7556}") = "Estetika.Api", "Estetika.Api\Estetika.Api.csproj", "{CAB08FD3-4157-4202-B7BF-DEC5A50A3978}"
EndProject
Global
	GlobalSection(SolutionConfigurationPlatforms) = preSolution
		Debug|Any CPU = Debug|Any CPU
		Release|Any CPU = Release|Any CPU
	EndGlobalSection
	GlobalSection(ProjectConfigurationPlatforms) = postSolution
		{ABA300A8-4223-4BC4-AF49-C23307C70F64}.Debug|Any CPU.ActiveCfg = Debug|Any CPU
		{ABA300A8-4223-4BC4-AF49-C23307C70F64}.Debug|Any CPU.Build.0 = Debug|Any CPU
		{ABA300A8-4223-4BC4-AF49-C23307C70F64}.Release|Any CPU.ActiveCfg = Release|Any CPU
		{ABA300A8-4223-4BC4-AF49-C23307C70F64}.Release|Any CPU.Build.0 = Release|Any CPU
		{13933473-614F-45C3-855A-B99CF9C30416}.Debug|Any CPU.ActiveCfg = Debug|Any CPU
		{13933473-614F-45C3-855A-B99CF9C30416}.Debug|Any CPU.Build.0 = Debug|Any CPU
		{13933473-614F-45C3-855A-B99CF9C30416}.Release|Any CPU.ActiveCfg = Release|Any CPU
		{13933473-614F-45C3-855A-B99CF9C30416}.Release|Any CPU.Build.0 = Release|Any CPU
		{B84BDFEB-8948-497A-A7E7-81B9ED15CCBB}.Debug|Any CPU.ActiveCfg = Debug|Any CPU
		{B84BDFEB-8948-497A-A7E7-81B9ED15CCBB}.Debug|Any CPU.Build.0 = Debug|Any CPU
		{B84BDFEB-8948-497A-A7E7-81B9ED15CCBB}.Release|Any CPU.ActiveCfg = Release|Any CPU
		{B84BDFEB-8948-497A-A7E7-81B9ED15CCBB}.Release|Any CPU.Build.0 = Release|Any CPU
		{238CC461-D4E1-4FC0-8E7B-3410F85CA162}.Debug|Any CPU.ActiveCfg = Debug|Any CPU
		{238CC461-D4E1-4FC0-8E7B-3410F85CA162}.Debug|Any CPU.Build.0 = Debug|Any CPU
		{238CC461-D4E1-4FC0-8E7B-3410F85CA162}.Release|Any CPU.ActiveCfg = Release|Any CPU
		{238CC461-D4E1-4FC0-8E7B-3410F85CA162}.Release|Any CPU.Build.0 = Release|Any CPU
		{CAB08FD3-4157-4202-B7BF-DEC5A50A3978}.Debug|Any CPU.ActiveCfg = Debug|Any CPU
		{CAB08FD3-4157-4202-B7BF-DEC5A50A3978}.Debug|Any CPU.Build.0 = Debug|Any CPU
		{CAB08FD3-4157-4202-B7BF-DEC5A50A3978}.Release|Any CPU.ActiveCfg = Release|Any CPU
		{CAB08FD3-4157-4202-B7BF-DEC5A50A3978}.Release|Any CPU.Build.0 = Release|Any CPU
	EndGlobalSection
	GlobalSection(SolutionProperties) = preSolution
		HideSolutionNode = FALSE
	EndGlobalSection
	GlobalSection(ExtensibilityGlobals) = postSolution
		SolutionGuid = {06C761A1-ED9F-428E-83CF-79658F096704}
	EndGlobalSection
EndGlobal
